{
  "name": "code",
  "lockfileVersion": 2,
  "requires": true,
  "packages": {
    "": {
      "dependencies": {
        "nest": "^0.1.6"
      },
      "devDependencies": {
        "typescript": "^5.2.0-dev.20230608"
      }
    },
    "node_modules/nest": {
      "version": "0.1.6",
      "resolved": "https://registry.npmjs.org/nest/-/nest-0.1.6.tgz",
      "integrity": "sha512-21378J/6pHB9EZMId5yz9DaxVj778pCHhzfXhRLLrLWZydpLgbsyxL5B5QyTSWJBk5L8XbiGgMvNZMb/qBySYg==",
      "engines": {
        "node": "*"
      }
    },
    "node_modules/typescript": {
      "version": "5.2.0-dev.20230608",
      "resolved": "https://registry.npmjs.org/typescript/-/typescript-5.2.0-dev.20230608.tgz",
      "integrity": "sha512-My8VOVNpHAZ693+NgsvD2JXgXg5eosPJcEDzPcme8tU1vs+C6G6liR15r3qd1qSSNjDghmCe014GjWspVBZ7ag==",
      "dev": true,
      "bin": {
        "tsc": "bin/tsc",
        "tsserver": "bin/tsserver"
      },
      "engines": {
        "node": ">=14.17"
      }
    }
  },
  "dependencies": {
    "nest": {
      "version": "0.1.6",
      "resolved": "https://registry.npmjs.org/nest/-/nest-0.1.6.tgz",
      "integrity": "sha512-21378J/6pHB9EZMId5yz9DaxVj778pCHhzfXhRLLrLWZydpLgbsyxL5B5QyTSWJBk5L8XbiGgMvNZMb/qBySYg=="
    },
    "typescript": {
      "version": "5.2.0-dev.20230608",
      "resolved": "https://registry.npmjs.org/typescript/-/typescript-5.2.0-dev.20230608.tgz",
      "integrity": "sha512-My8VOVNpHAZ693+NgsvD2JXgXg5eosPJcEDzPcme8tU1vs+C6G6liR15r3qd1qSSNjDghmCe014GjWspVBZ7ag==",
      "dev": true
    }
  }
}
